
Microsoft Visual Studio Solution File, Format Version 12.00
# Visual Studio Version 16
VisualStudioVersion = 16.0.30907.101
MinimumVisualStudioVersion = 10.0.40219.1
Project("{FAE04EC0-301F-11D3-BF4B-00C04F79EFBC}") = "Color Picker", "Color Picker.csproj", "{510469C3-7ED9-4773-AC5F-05FC04BB7A46}"
EndProject
Global
	GlobalSection(SolutionConfigurationPlatforms) = preSolution
		Debug|Any CPU = Debug|Any CPU
		Release|Any CPU = Release|Any CPU
	EndGlobalSection
	GlobalSection(ProjectConfigurationPlatforms) = postSolution
		{510469C3-7ED9-4773-AC5F-05FC04BB7A46}.Debug|Any CPU.ActiveCfg = Debug|Any CPU
		{510469C3-7ED9-4773-AC5F-05FC04BB7A46}.Debug|Any CPU.Build.0 = Debug|Any CPU
		{510469C3-7ED9-4773-AC5F-05FC04BB7A46}.Release|Any CPU.ActiveCfg = Release|Any CPU
		{510469C3-7ED9-4773-AC5F-05FC04BB7A46}.Release|Any CPU.Build.0 = Release|Any CPU
	EndGlobalSection
	GlobalSection(SolutionProperties) = preSolution
		HideSolutionNode = FALSE
	EndGlobalSection
	GlobalSection(ExtensibilityGlobals) = postSolution
		SolutionGuid = {B19F93AF-B34B-42F6-9021-92C012706764}
	EndGlobalSection
EndGlobal
